
Microsoft Visual Studio Solution File, Format Version 12.00
# Visual Studio Version 17
VisualStudioVersion = 17.6.33712.159
MinimumVisualStudioVersion = 10.0.40219.1
Project("{FAE04EC0-301F-11D3-BF4B-00C04F79EFBC}") = "MiniProject_BlazorWASM", "MiniProject_BlazorWASM\MiniProject_BlazorWASM.csproj", "{82305479-E8D3-4C83-86B2-90406007F70C}"
EndProject
Global
	GlobalSection(SolutionConfigurationPlatforms) = preSolution
		Debug|Any CPU = Debug|Any CPU
		Release|Any CPU = Release|Any CPU
	EndGlobalSection
	GlobalSection(ProjectConfigurationPlatforms) = postSolution
		{82305479-E8D3-4C83-86B2-90406007F70C}.Debug|Any CPU.ActiveCfg = Debug|Any CPU
		{82305479-E8D3-4C83-86B2-90406007F70C}.Debug|Any CPU.Build.0 = Debug|Any CPU
		{82305479-E8D3-4C83-86B2-90406007F70C}.Release|Any CPU.ActiveCfg = Release|Any CPU
		{82305479-E8D3-4C83-86B2-90406007F70C}.Release|Any CPU.Build.0 = Release|Any CPU
	EndGlobalSection
	GlobalSection(SolutionProperties) = preSolution
		HideSolutionNode = FALSE
	EndGlobalSection
	GlobalSection(ExtensibilityGlobals) = postSolution
		SolutionGuid = {2105812F-87A3-4270-B2F3-099E7DAF238F}
	EndGlobalSection
EndGlobal
